
Microsoft Visual Studio Solution File, Format Version 12.00
# Visual Studio Version 16
VisualStudioVersion = 16.0.29806.167
MinimumVisualStudioVersion = 10.0.40219.1
Project("{9A19103F-16F7-4668-BE54-9A1E7A4F7556}") = "forgeSheetExporter", "forgeSheetExporter\forgeSheetExporter.csproj", "{FD68B631-0D1E-4E65-9BBE-D9DC2E3EA123}"
EndProject
Project("{FAE04EC0-301F-11D3-BF4B-00C04F79EFBC}") = "sheetExporterRevit", "sheetExporterRevit\sheetExporterRevit.csproj", "{E4EDE9AF-2230-48D4-85F3-8BA1A630ED3D}"
EndProject
Global
	GlobalSection(SolutionConfigurationPlatforms) = preSolution
		Debug|Any CPU = Debug|Any CPU
		Release|Any CPU = Release|Any CPU
	EndGlobalSection
	GlobalSection(ProjectConfigurationPlatforms) = postSolution
		{FD68B631-0D1E-4E65-9BBE-D9DC2E3EA123}.Debug|Any CPU.ActiveCfg = Debug|Any CPU
		{FD68B631-0D1E-4E65-9BBE-D9DC2E3EA123}.Debug|Any CPU.Build.0 = Debug|Any CPU
		{FD68B631-0D1E-4E65-9BBE-D9DC2E3EA123}.Release|Any CPU.ActiveCfg = Release|Any CPU
		{FD68B631-0D1E-4E65-9BBE-D9DC2E3EA123}.Release|Any CPU.Build.0 = Release|Any CPU
		{E4EDE9AF-2230-48D4-85F3-8BA1A630ED3D}.Debug|Any CPU.ActiveCfg = Debug|Any CPU
		{E4EDE9AF-2230-48D4-85F3-8BA1A630ED3D}.Debug|Any CPU.Build.0 = Debug|Any CPU
		{E4EDE9AF-2230-48D4-85F3-8BA1A630ED3D}.Release|Any CPU.ActiveCfg = Release|Any CPU
		{E4EDE9AF-2230-48D4-85F3-8BA1A630ED3D}.Release|Any CPU.Build.0 = Release|Any CPU
	EndGlobalSection
	GlobalSection(SolutionProperties) = preSolution
		HideSolutionNode = FALSE
	EndGlobalSection
	GlobalSection(ExtensibilityGlobals) = postSolution
		SolutionGuid = {FF6BF667-8C72-47D6-BC38-F8418DE4F201}
	EndGlobalSection
EndGlobal
